// !$*UTF8*$!
{
	archiveVersion = 1;
	classes = {
	};
	objectVersion = 46;
	objects = {

/* Begin PBXBuildFile section */
		ECA0390A1E72E2B400304351 /* AppDelegate.swift in Sources */ = {isa = PBXBuildFile; fileRef = ECA039091E72E2B400304351 /* AppDelegate.swift */; };
		ECA0390C1E72E2B400304351 /* ViewController.swift in Sources */ = {isa = PBXBuildFile; fileRef = ECA0390B1E72E2B400304351 /* ViewController.swift */; };
		ECA0390F1E72E2B400304351 /* Main.storyboard in Resources */ = {isa = PBXBuildFile; fileRef = ECA0390D1E72E2B400304351 /* Main.storyboard */; };
		ECA039111E72E2B400304351 /* Assets.xcassets in Resources */ = {isa = PBXBuildFile; fileRef = ECA039101E72E2B400304351 /* Assets.xcassets */; };
		ECA039141E72E2B400304351 /* LaunchScreen.storyboard in Resources */ = {isa = PBXBuildFile; fileRef = ECA039121E72E2B400304351 /* LaunchScreen.storyboard */; };
/* End PBXBuildFile section */

/* Begin PBXFileReference section */
		ECA039061E72E2B400304351 /* iOSSwiftLab5.app */ = {isa = PBXFileReference; explicitFileType = wrapper.application; includeInIndex = 0; path = iOSSwiftLab5.app; sourceTree = BUILT_PRODUCTS_DIR; };
		ECA039091E72E2B400304351 /* AppDelegate.swift */ = {isa = PBXFileReference; lastKnownFileType = sourcecode.swift; path = AppDelegate.swift; sourceTree = "<group>"; };
		ECA0390B1E72E2B400304351 /* ViewController.swift */ = {isa = PBXFileReference; lastKnownFileType = sourcecode.swift; path = ViewController.swift; sourceTree = "<group>"; };
		ECA0390E1E72E2B400304351 /* Base */ = {isa = PBXFileReference; lastKnownFileType = file.storyboard; name = Base; path = Base.lproj/Main.storyboard; sourceTree = "<group>"; };
		ECA039101E72E2B400304351 /* Assets.xcassets */ = {isa = PBXFileReference; lastKnownFileType = folder.assetcatalog; path = Assets.xcassets; sourceTree = "<group>"; };
		ECA039131E72E2B400304351 /* Base */ = {isa = PBXFileReference; lastKnownFileType = file.storyboard; name = Base; path = Base.lproj/LaunchScreen.storyboard; sourceTree = "<group>"; };
		ECA039151E72E2B400304351 /* Info.plist */ = {isa = PBXFileReference; lastKnownFileType = text.plist.xml; path = Info.plist; sourceTree = "<group>"; };
/* End PBXFileReference section */

/* Begin PBXFrameworksBuildPhase section */
		ECA039031E72E2B400304351 /* Frameworks */ = {
			isa = PBXFrameworksBuildPhase;
			buildActionMask = 2147483647;
			files = (
			);
			runOnlyForDeploymentPostprocessing = 0;
		};
/* End PBXFrameworksBuildPhase section */

/* Begin PBXGroup section */
		ECA038FD1E72E2B400304351 = {
			isa = PBXGroup;
			children = (
				ECA039081E72E2B400304351 /* iOSSwiftLab5 */,
				ECA039071E72E2B400304351 /* Products */,
			);
			sourceTree = "<group>";
		};
		ECA039071E72E2B400304351 /* Products */ = {
			isa = PBXGroup;
			children = (
				ECA039061E72E2B400304351 /* iOSSwiftLab5.app */,
			);
			name = Products;
			sourceTree = "<group>";
		};
		ECA039081E72E2B400304351 /* iOSSwiftLab5 */ = {
			isa = PBXGroup;
			children = (
				ECA039091E72E2B400304351 /* AppDelegate.swift */,
				ECA0390B1E72E2B400304351 /* ViewController.swift */,
				ECA0390D1E72E2B400304351 /* Main.storyboard */,
				ECA039101E72E2B400304351 /* Assets.xcassets */,
				ECA039121E72E2B400304351 /* LaunchScreen.storyboard */,
				ECA039151E72E2B400304351 /* Info.plist */,
			);
			path = iOSSwiftLab5;
			sourceTree = "<group>";
		};
/* End PBXGroup section */

/* Begin PBXNativeTarget section */
		ECA039051E72E2B400304351 /* iOSSwiftLab5 */ = {
			isa = PBXNativeTarget;
			buildConfigurationList = ECA039181E72E2B400304351 /* Build configuration list for PBXNativeTarget "iOSSwiftLab5" */;
			buildPhases = (
				ECA039021E72E2B400304351 /* Sources */,
				ECA039031E72E2B400304351 /* Frameworks */,
				ECA039041E72E2B400304351 /* Resources */,
			);
			buildRules = (
			);
			dependencies = (
			);
			name = iOSSwiftLab5;
			productName = iOSSwiftLab5;
			productReference = ECA039061E72E2B400304351 /* iOSSwiftLab5.app */;
			productType = "com.apple.product-type.application";
		};
/* End PBXNativeTarget section */

/* Begin PBXProject section */
		ECA038FE1E72E2B400304351 /* Project object */ = {
			isa = PBXProject;
			attributes = {
				LastSwiftUpdateCheck = 0820;
				LastUpgradeCheck = 0820;
				ORGANIZATIONNAME = Gates;
				TargetAttributes = {
					ECA039051E72E2B400304351 = {
						CreatedOnToolsVersion = 8.2.1;
						ProvisioningStyle = Automatic;
					};
				};
			};
			buildConfigurationList = ECA039011E72E2B400304351 /* Build configuration list for PBXProject "iOSSwiftLab5" */;
			compatibilityVersion = "Xcode 3.2";
			developmentRegion = English;
			hasScannedForEncodings = 0;
			knownRegions = (
				en,
				Base,
			);
			mainGroup = ECA038FD1E72E2B400304351;
			productRefGroup = ECA039071E72E2B400304351 /* Products */;
			projectDirPath = "";
			projectRoot = "";
			targets = (
				ECA039051E72E2B400304351 /* iOSSwiftLab5 */,
			);
		};
/* End PBXProject section */

/* Begin PBXResourcesBuildPhase section */
		ECA039041E72E2B400304351 /* Resources */ = {
			isa = PBXResourcesBuildPhase;
			buildActionMask = 2147483647;
			files = (
				ECA039141E72E2B400304351 /* LaunchScreen.storyboard in Resources */,
				ECA039111E72E2B400304351 /* Assets.xcassets in Resources */,
				ECA0390F1E72E2B400304351 /* Main.storyboard in Resources */,
			);
			runOnlyForDeploymentPostprocessing = 0;
		};
/* End PBXResourcesBuildPhase section */

/* Begin PBXSourcesBuildPhase section */
		ECA039021E72E2B400304351 /* Sources */ = {
			isa = PBXSourcesBuildPhase;
			buildActionMask = 2147483647;
			files = (
				ECA0390C1E72E2B400304351 /* ViewController.swift in Sources */,
				ECA0390A1E72E2B400304351 /* AppDelegate.swift in Sources */,
			);
			runOnlyForDeploymentPostprocessing = 0;
		};
/* End PBXSourcesBuildPhase section */

/* Begin PBXVariantGroup section */
		ECA0390D1E72E2B400304351 /* Main.storyboard */ = {
			isa = PBXVariantGroup;
			children = (
				ECA0390E1E72E2B400304351 /* Base */,
			);
			name = Main.storyboard;
			sourceTree = "<group>";
		};
		ECA039121E72E2B400304351 /* LaunchScreen.storyboard */ = {
			isa = PBXVariantGroup;
			children = (
				ECA039131E72E2B400304351 /* Base */,
			);
			name = LaunchScreen.storyboard;
			sourceTree = "<group>";
		};
/* End PBXVariantGroup section */

/* Begin XCBuildConfiguration section */
		ECA039161E72E2B400304351 /* Debug */ = {
			isa = XCBuildConfiguration;
			buildSettings = {
				ALWAYS_SEARCH_USER_PATHS = NO;
				CLANG_ANALYZER_NONNULL = YES;
				CLANG_CXX_LANGUAGE_STANDARD = "gnu++0x";
				CLANG_CXX_LIBRARY = "libc++";
				CLANG_ENABLE_MODULES = YES;
				CLANG_ENABLE_OBJC_ARC = YES;
				CLANG_WARN_BOOL_CONVERSION = YES;
				CLANG_WARN_CONSTANT_CONVERSION = YES;
				CLANG_WARN_DIRECT_OBJC_ISA_USAGE = YES_ERROR;
				CLANG_WARN_DOCUMENTATION_COMMENTS = YES;
				CLANG_WARN_EMPTY_BODY = YES;
				CLANG_WARN_ENUM_CONVERSION = YES;
				CLANG_WARN_INFINITE_RECURSION = YES;
				CLANG_WARN_INT_CONVERSION = YES;
				CLANG_WARN_OBJC_ROOT_CLASS = YES_ERROR;
				CLANG_WARN_SUSPICIOUS_MOVE = YES;
				CLANG_WARN_UNREACHABLE_CODE = YES;
				CLANG_WARN__DUPLICATE_METHOD_MATCH = YES;
				"CODE_SIGN_IDENTITY[sdk=iphoneos*]" = "iPhone Developer";
				COPY_PHASE_STRIP = NO;
				DEBUG_INFORMATION_FORMAT = dwarf;
				ENABLE_STRICT_OBJC_MSGSEND = YES;
				ENABLE_TESTABILITY = YES;
				GCC_C_LANGUAGE_STANDARD = gnu99;
				GCC_DYNAMIC_NO_PIC = NO;
				GCC_NO_COMMON_BLOCKS = YES;
				GCC_OPTIMIZATION_LEVEL = 0;
				GCC_PREPROCESSOR_DEFINITIONS = (
					"DEBUG=1",
					"$(inherited)",
				);
				GCC_WARN_64_TO_32_BIT_CONVERSION = YES;
				GCC_WARN_ABOUT_RETURN_TYPE = YES_ERROR;
				GCC_WARN_UNDECLARED_SELECTOR = YES;
				GCC_WARN_UNINITIALIZED_AUTOS = YES_AGGRESSIVE;
				GCC_WARN_UNUSED_FUNCTION = YES;
				GCC_WARN_UNUSED_VARIABLE = YES;
				IPHONEOS_DEPLOYMENT_TARGET = 10.2;
				MTL_ENABLE_DEBUG_INFO = YES;
				ONLY_ACTIVE_ARCH = YES;
				SDKROOT = iphoneos;
				SWIFT_ACTIVE_COMPILATION_CONDITIONS = DEBUG;
				SWIFT_OPTIMIZATION_LEVEL = "-Onone";
			};
			name = Debug;
		};
		ECA039171E72E2B400304351 /* Release */ = {
			isa = XCBuildConfiguration;
			buildSettings = {
				ALWAYS_SEARCH_USER_PATHS = NO;
				CLANG_ANALYZER_NONNULL = YES;
				CLANG_CXX_LANGUAGE_STANDARD = "gnu++0x";
				CLANG_CXX_LIBRARY = "libc++";
				CLANG_ENABLE_MODULES = YES;
				CLANG_ENABLE_OBJC_ARC = YES;
				CLANG_WARN_BOOL_CONVERSION = YES;
				CLANG_WARN_CONSTANT_CONVERSION = YES;
				CLANG_WARN_DIRECT_OBJC_ISA_USAGE = YES_ERROR;
				CLANG_WARN_DOCUMENTATION_COMMENTS = YES;
				CLANG_WARN_EMPTY_BODY = YES;
				CLANG_WARN_ENUM_CONVERSION = YES;
				CLANG_WARN_INFINITE_RECURSION = YES;
				CLANG_WARN_INT_CONVERSION = YES;
				CLANG_WARN_OBJC_ROOT_CLASS = YES_ERROR;
				CLANG_WARN_SUSPICIOUS_MOVE = YES;
				CLANG_WARN_UNREACHABLE_CODE = YES;
				CLANG_WARN__DUPLICATE_METHOD_MATCH = YES;
				"CODE_SIGN_IDENTITY[sdk=iphoneos*]" = "iPhone Developer";
				COPY_PHASE_STRIP = NO;
				DEBUG_INFORMATION_FORMAT = "dwarf-with-dsym";
				ENABLE_NS_ASSERTIONS = NO;
				ENABLE_STRICT_OBJC_MSGSEND = YES;
				GCC_C_LANGUAGE_STANDARD = gnu99;
				GCC_NO_COMMON_BLOCKS = YES;
				GCC_WARN_64_TO_32_BIT_CONVERSION = YES;
				GCC_WARN_ABOUT_RETURN_TYPE = YES_ERROR;
				GCC_WARN_UNDECLARED_SELECTOR = YES;
				GCC_WARN_UNINITIALIZED_AUTOS = YES_AGGRESSIVE;
				GCC_WARN_UNUSED_FUNCTION = YES;
				GCC_WARN_UNUSED_VARIABLE = YES;
				IPHONEOS_DEPLOYMENT_TARGET = 10.2;
				MTL_ENABLE_DEBUG_INFO = NO;
				SDKROOT = iphoneos;
				SWIFT_OPTIMIZATION_LEVEL = "-Owholemodule";
				VALIDATE_PRODUCT = YES;
			};
			name = Release;
		};
		ECA039191E72E2B400304351 /* Debug */ = {
			isa = XCBuildConfiguration;
			buildSettings = {
				ASSETCATALOG_COMPILER_APPICON_NAME = AppIcon;
				INFOPLIST_FILE = iOSSwiftLab5/Info.plist;
				LD_RUNPATH_SEARCH_PATHS = "$(inherited) @executable_path/Frameworks";
				PRODUCT_BUNDLE_IDENTIFIER = com.gatesakagi.iOSSwiftLab5;
				PRODUCT_NAME = "$(TARGET_NAME)";
				SWIFT_VERSION = 3.0;
			};
			name = Debug;
		};
		ECA0391A1E72E2B400304351 /* Release */ = {
			isa = XCBuildConfiguration;
			buildSettings = {
				ASSETCATALOG_COMPILER_APPICON_NAME = AppIcon;
				INFOPLIST_FILE = iOSSwiftLab5/Info.plist;
				LD_RUNPATH_SEARCH_PATHS = "$(inherited) @executable_path/Frameworks";
				PRODUCT_BUNDLE_IDENTIFIER = com.gatesakagi.iOSSwiftLab5;
				PRODUCT_NAME = "$(TARGET_NAME)";
				SWIFT_VERSION = 3.0;
			};
			name = Release;
		};
/* End XCBuildConfiguration section */

/* Begin XCConfigurationList section */
		ECA039011E72E2B400304351 /* Build configuration list for PBXProject "iOSSwiftLab5" */ = {
			isa = XCConfigurationList;
			buildConfigurations = (
				ECA039161E72E2B400304351 /* Debug */,
				ECA039171E72E2B400304351 /* Release */,
			);
			defaultConfigurationIsVisible = 0;
			defaultConfigurationName = Release;
		};
		ECA039181E72E2B400304351 /* Build configuration list for PBXNativeTarget "iOSSwiftLab5" */ = {
			isa = XCConfigurationList;
			buildConfigurations = (
				ECA039191E72E2B400304351 /* Debug */,
				ECA0391A1E72E2B400304351 /* Release */,
			);
			defaultConfigurationIsVisible = 0;
		};
/* End XCConfigurationList section */
	};
	rootObject = ECA038FE1E72E2B400304351 /* Project object */;
}
